
Microsoft Visual Studio Solution File, Format Version 12.00
# Visual Studio Version 17
VisualStudioVersion = 17.14.36221.1 d17.14
MinimumVisualStudioVersion = 10.0.40219.1
Project("{FAE04EC0-301F-11D3-BF4B-00C04F79EFBC}") = "ISIP423_Zwetnowa", "ISIP423_Zwetnowa\ISIP423_Zwetnowa.csproj", "{4B642483-CC5C-48BD-9B7B-14B482186CF8}"
EndProject
Global
	GlobalSection(SolutionConfigurationPlatforms) = preSolution
		Debug|Any CPU = Debug|Any CPU
		Release|Any CPU = Release|Any CPU
	EndGlobalSection
	GlobalSection(ProjectConfigurationPlatforms) = postSolution
		{4B642483-CC5C-48BD-9B7B-14B482186CF8}.Debug|Any CPU.ActiveCfg = Debug|Any CPU
		{4B642483-CC5C-48BD-9B7B-14B482186CF8}.Debug|Any CPU.Build.0 = Debug|Any CPU
		{4B642483-CC5C-48BD-9B7B-14B482186CF8}.Release|Any CPU.ActiveCfg = Release|Any CPU
		{4B642483-CC5C-48BD-9B7B-14B482186CF8}.Release|Any CPU.Build.0 = Release|Any CPU
	EndGlobalSection
	GlobalSection(SolutionProperties) = preSolution
		HideSolutionNode = FALSE
	EndGlobalSection
	GlobalSection(ExtensibilityGlobals) = postSolution
		SolutionGuid = {16268008-A1D6-4415-918E-C199AB717058}
	EndGlobalSection
EndGlobal
